// !$*UTF8*$!
{
	archiveVersion = 1;
	classes = {
	};
	objectVersion = 46;
	objects = {

/* Begin PBXBuildFile section */
		F2007725211B0FD100546F87 /* AddTaskController.swift in Sources */ = {isa = PBXBuildFile; fileRef = F2007724211B0FD100546F87 /* AddTaskController.swift */; };
		F21CA08E2119FFB50097E68C /* AppDelegate.swift in Sources */ = {isa = PBXBuildFile; fileRef = F21CA08D2119FFB50097E68C /* AppDelegate.swift */; };
		F21CA0902119FFB50097E68C /* ViewController.swift in Sources */ = {isa = PBXBuildFile; fileRef = F21CA08F2119FFB50097E68C /* ViewController.swift */; };
		F21CA0932119FFB50097E68C /* Main.storyboard in Resources */ = {isa = PBXBuildFile; fileRef = F21CA0912119FFB50097E68C /* Main.storyboard */; };
		F21CA0952119FFB50097E68C /* Assets.xcassets in Resources */ = {isa = PBXBuildFile; fileRef = F21CA0942119FFB50097E68C /* Assets.xcassets */; };
		F21CA0982119FFB50097E68C /* LaunchScreen.storyboard in Resources */ = {isa = PBXBuildFile; fileRef = F21CA0962119FFB50097E68C /* LaunchScreen.storyboard */; };
/* End PBXBuildFile section */

/* Begin PBXFileReference section */
		F2007724211B0FD100546F87 /* AddTaskController.swift */ = {isa = PBXFileReference; fileEncoding = 4; lastKnownFileType = sourcecode.swift; path = AddTaskController.swift; sourceTree = "<group>"; };
		F21CA08A2119FFB50097E68C /* Task Manager.app */ = {isa = PBXFileReference; explicitFileType = wrapper.application; includeInIndex = 0; path = "Task Manager.app"; sourceTree = BUILT_PRODUCTS_DIR; };
		F21CA08D2119FFB50097E68C /* AppDelegate.swift */ = {isa = PBXFileReference; lastKnownFileType = sourcecode.swift; path = AppDelegate.swift; sourceTree = "<group>"; };
		F21CA08F2119FFB50097E68C /* ViewController.swift */ = {isa = PBXFileReference; lastKnownFileType = sourcecode.swift; path = ViewController.swift; sourceTree = "<group>"; };
		F21CA0922119FFB50097E68C /* Base */ = {isa = PBXFileReference; lastKnownFileType = file.storyboard; name = Base; path = Base.lproj/Main.storyboard; sourceTree = "<group>"; };
		F21CA0942119FFB50097E68C /* Assets.xcassets */ = {isa = PBXFileReference; lastKnownFileType = folder.assetcatalog; path = Assets.xcassets; sourceTree = "<group>"; };
		F21CA0972119FFB50097E68C /* Base */ = {isa = PBXFileReference; lastKnownFileType = file.storyboard; name = Base; path = Base.lproj/LaunchScreen.storyboard; sourceTree = "<group>"; };
		F21CA0992119FFB50097E68C /* Info.plist */ = {isa = PBXFileReference; lastKnownFileType = text.plist.xml; path = Info.plist; sourceTree = "<group>"; };
/* End PBXFileReference section */

/* Begin PBXFrameworksBuildPhase section */
		F21CA0872119FFB50097E68C /* Frameworks */ = {
			isa = PBXFrameworksBuildPhase;
			buildActionMask = 2147483647;
			files = (
			);
			runOnlyForDeploymentPostprocessing = 0;
		};
/* End PBXFrameworksBuildPhase section */

/* Begin PBXGroup section */
		F21CA0812119FFB50097E68C = {
			isa = PBXGroup;
			children = (
				F21CA08C2119FFB50097E68C /* Task Manager */,
				F21CA08B2119FFB50097E68C /* Products */,
			);
			sourceTree = "<group>";
		};
		F21CA08B2119FFB50097E68C /* Products */ = {
			isa = PBXGroup;
			children = (
				F21CA08A2119FFB50097E68C /* Task Manager.app */,
			);
			name = Products;
			sourceTree = "<group>";
		};
		F21CA08C2119FFB50097E68C /* Task Manager */ = {
			isa = PBXGroup;
			children = (
				F21CA08D2119FFB50097E68C /* AppDelegate.swift */,
				F21CA08F2119FFB50097E68C /* ViewController.swift */,
				F21CA0912119FFB50097E68C /* Main.storyboard */,
				F21CA0942119FFB50097E68C /* Assets.xcassets */,
				F21CA0962119FFB50097E68C /* LaunchScreen.storyboard */,
				F21CA0992119FFB50097E68C /* Info.plist */,
				F2007724211B0FD100546F87 /* AddTaskController.swift */,
			);
			path = "Task Manager";
			sourceTree = "<group>";
		};
/* End PBXGroup section */

/* Begin PBXNativeTarget section */
		F21CA0892119FFB50097E68C /* Task Manager */ = {
			isa = PBXNativeTarget;
			buildConfigurationList = F21CA09C2119FFB50097E68C /* Build configuration list for PBXNativeTarget "Task Manager" */;
			buildPhases = (
				F21CA0862119FFB50097E68C /* Sources */,
				F21CA0872119FFB50097E68C /* Frameworks */,
				F21CA0882119FFB50097E68C /* Resources */,
			);
			buildRules = (
			);
			dependencies = (
			);
			name = "Task Manager";
			productName = "Task Manager";
			productReference = F21CA08A2119FFB50097E68C /* Task Manager.app */;
			productType = "com.apple.product-type.application";
		};
/* End PBXNativeTarget section */

/* Begin PBXProject section */
		F21CA0822119FFB50097E68C /* Project object */ = {
			isa = PBXProject;
			attributes = {
				LastSwiftUpdateCheck = 0730;
				LastUpgradeCheck = 0730;
				ORGANIZATIONNAME = "Slash Global";
				TargetAttributes = {
					F21CA0892119FFB50097E68C = {
						CreatedOnToolsVersion = 7.3;
					};
				};
			};
			buildConfigurationList = F21CA0852119FFB50097E68C /* Build configuration list for PBXProject "Task Manager" */;
			compatibilityVersion = "Xcode 3.2";
			developmentRegion = English;
			hasScannedForEncodings = 0;
			knownRegions = (
				en,
				Base,
			);
			mainGroup = F21CA0812119FFB50097E68C;
			productRefGroup = F21CA08B2119FFB50097E68C /* Products */;
			projectDirPath = "";
			projectRoot = "";
			targets = (
				F21CA0892119FFB50097E68C /* Task Manager */,
			);
		};
/* End PBXProject section */

/* Begin PBXResourcesBuildPhase section */
		F21CA0882119FFB50097E68C /* Resources */ = {
			isa = PBXResourcesBuildPhase;
			buildActionMask = 2147483647;
			files = (
				F21CA0982119FFB50097E68C /* LaunchScreen.storyboard in Resources */,
				F21CA0952119FFB50097E68C /* Assets.xcassets in Resources */,
				F21CA0932119FFB50097E68C /* Main.storyboard in Resources */,
			);
			runOnlyForDeploymentPostprocessing = 0;
		};
/* End PBXResourcesBuildPhase section */

/* Begin PBXSourcesBuildPhase section */
		F21CA0862119FFB50097E68C /* Sources */ = {
			isa = PBXSourcesBuildPhase;
			buildActionMask = 2147483647;
			files = (
				F21CA0902119FFB50097E68C /* ViewController.swift in Sources */,
				F21CA08E2119FFB50097E68C /* AppDelegate.swift in Sources */,
				F2007725211B0FD100546F87 /* AddTaskController.swift in Sources */,
			);
			runOnlyForDeploymentPostprocessing = 0;
		};
/* End PBXSourcesBuildPhase section */

/* Begin PBXVariantGroup section */
		F21CA0912119FFB50097E68C /* Main.storyboard */ = {
			isa = PBXVariantGroup;
			children = (
				F21CA0922119FFB50097E68C /* Base */,
			);
			name = Main.storyboard;
			sourceTree = "<group>";
		};
		F21CA0962119FFB50097E68C /* LaunchScreen.storyboard */ = {
			isa = PBXVariantGroup;
			children = (
				F21CA0972119FFB50097E68C /* Base */,
			);
			name = LaunchScreen.storyboard;
			sourceTree = "<group>";
		};
/* End PBXVariantGroup section */

/* Begin XCBuildConfiguration section */
		F21CA09A2119FFB50097E68C /* Debug */ = {
			isa = XCBuildConfiguration;
			buildSettings = {
				ALWAYS_SEARCH_USER_PATHS = NO;
				CLANG_ANALYZER_NONNULL = YES;
				CLANG_CXX_LANGUAGE_STANDARD = "gnu++0x";
				CLANG_CXX_LIBRARY = "libc++";
				CLANG_ENABLE_MODULES = YES;
				CLANG_ENABLE_OBJC_ARC = YES;
				CLANG_WARN_BOOL_CONVERSION = YES;
				CLANG_WARN_CONSTANT_CONVERSION = YES;
				CLANG_WARN_DIRECT_OBJC_ISA_USAGE = YES_ERROR;
				CLANG_WARN_EMPTY_BODY = YES;
				CLANG_WARN_ENUM_CONVERSION = YES;
				CLANG_WARN_INT_CONVERSION = YES;
				CLANG_WARN_OBJC_ROOT_CLASS = YES_ERROR;
				CLANG_WARN_UNREACHABLE_CODE = YES;
				CLANG_WARN__DUPLICATE_METHOD_MATCH = YES;
				"CODE_SIGN_IDENTITY[sdk=iphoneos*]" = "iPhone Developer";
				COPY_PHASE_STRIP = NO;
				DEBUG_INFORMATION_FORMAT = dwarf;
				ENABLE_STRICT_OBJC_MSGSEND = YES;
				ENABLE_TESTABILITY = YES;
				GCC_C_LANGUAGE_STANDARD = gnu99;
				GCC_DYNAMIC_NO_PIC = NO;
				GCC_NO_COMMON_BLOCKS = YES;
				GCC_OPTIMIZATION_LEVEL = 0;
				GCC_PREPROCESSOR_DEFINITIONS = (
					"DEBUG=1",
					"$(inherited)",
				);
				GCC_WARN_64_TO_32_BIT_CONVERSION = YES;
				GCC_WARN_ABOUT_RETURN_TYPE = YES_ERROR;
				GCC_WARN_UNDECLARED_SELECTOR = YES;
				GCC_WARN_UNINITIALIZED_AUTOS = YES_AGGRESSIVE;
				GCC_WARN_UNUSED_FUNCTION = YES;
				GCC_WARN_UNUSED_VARIABLE = YES;
				IPHONEOS_DEPLOYMENT_TARGET = 9.3;
				MTL_ENABLE_DEBUG_INFO = YES;
				ONLY_ACTIVE_ARCH = YES;
				SDKROOT = iphoneos;
				SWIFT_OPTIMIZATION_LEVEL = "-Onone";
			};
			name = Debug;
		};
		F21CA09B2119FFB50097E68C /* Release */ = {
			isa = XCBuildConfiguration;
			buildSettings = {
				ALWAYS_SEARCH_USER_PATHS = NO;
				CLANG_ANALYZER_NONNULL = YES;
				CLANG_CXX_LANGUAGE_STANDARD = "gnu++0x";
				CLANG_CXX_LIBRARY = "libc++";
				CLANG_ENABLE_MODULES = YES;
				CLANG_ENABLE_OBJC_ARC = YES;
				CLANG_WARN_BOOL_CONVERSION = YES;
				CLANG_WARN_CONSTANT_CONVERSION = YES;
				CLANG_WARN_DIRECT_OBJC_ISA_USAGE = YES_ERROR;
				CLANG_WARN_EMPTY_BODY = YES;
				CLANG_WARN_ENUM_CONVERSION = YES;
				CLANG_WARN_INT_CONVERSION = YES;
				CLANG_WARN_OBJC_ROOT_CLASS = YES_ERROR;
				CLANG_WARN_UNREACHABLE_CODE = YES;
				CLANG_WARN__DUPLICATE_METHOD_MATCH = YES;
				"CODE_SIGN_IDENTITY[sdk=iphoneos*]" = "iPhone Developer";
				COPY_PHASE_STRIP = NO;
				DEBUG_INFORMATION_FORMAT = "dwarf-with-dsym";
				ENABLE_NS_ASSERTIONS = NO;
				ENABLE_STRICT_OBJC_MSGSEND = YES;
				GCC_C_LANGUAGE_STANDARD = gnu99;
				GCC_NO_COMMON_BLOCKS = YES;
				GCC_WARN_64_TO_32_BIT_CONVERSION = YES;
				GCC_WARN_ABOUT_RETURN_TYPE = YES_ERROR;
				GCC_WARN_UNDECLARED_SELECTOR = YES;
				GCC_WARN_UNINITIALIZED_AUTOS = YES_AGGRESSIVE;
				GCC_WARN_UNUSED_FUNCTION = YES;
				GCC_WARN_UNUSED_VARIABLE = YES;
				IPHONEOS_DEPLOYMENT_TARGET = 9.3;
				MTL_ENABLE_DEBUG_INFO = NO;
				SDKROOT = iphoneos;
				VALIDATE_PRODUCT = YES;
			};
			name = Release;
		};
		F21CA09D2119FFB50097E68C /* Debug */ = {
			isa = XCBuildConfiguration;
			buildSettings = {
				ASSETCATALOG_COMPILER_APPICON_NAME = AppIcon;
				INFOPLIST_FILE = "Task Manager/Info.plist";
				LD_RUNPATH_SEARCH_PATHS = "$(inherited) @executable_path/Frameworks";
				PRODUCT_BUNDLE_IDENTIFIER = "com.Haris.org.Task-Manager";
				PRODUCT_NAME = "$(TARGET_NAME)";
			};
			name = Debug;
		};
		F21CA09E2119FFB50097E68C /* Release */ = {
			isa = XCBuildConfiguration;
			buildSettings = {
				ASSETCATALOG_COMPILER_APPICON_NAME = AppIcon;
				INFOPLIST_FILE = "Task Manager/Info.plist";
				LD_RUNPATH_SEARCH_PATHS = "$(inherited) @executable_path/Frameworks";
				PRODUCT_BUNDLE_IDENTIFIER = "com.Haris.org.Task-Manager";
				PRODUCT_NAME = "$(TARGET_NAME)";
			};
			name = Release;
		};
/* End XCBuildConfiguration section */

/* Begin XCConfigurationList section */
		F21CA0852119FFB50097E68C /* Build configuration list for PBXProject "Task Manager" */ = {
			isa = XCConfigurationList;
			buildConfigurations = (
				F21CA09A2119FFB50097E68C /* Debug */,
				F21CA09B2119FFB50097E68C /* Release */,
			);
			defaultConfigurationIsVisible = 0;
			defaultConfigurationName = Release;
		};
		F21CA09C2119FFB50097E68C /* Build configuration list for PBXNativeTarget "Task Manager" */ = {
			isa = XCConfigurationList;
			buildConfigurations = (
				F21CA09D2119FFB50097E68C /* Debug */,
				F21CA09E2119FFB50097E68C /* Release */,
			);
			defaultConfigurationIsVisible = 0;
			defaultConfigurationName = Release;
		};
/* End XCConfigurationList section */
	};
	rootObject = F21CA0822119FFB50097E68C /* Project object */;
}
